// !$*UTF8*$!
{
	archiveVersion = 1;
	classes = {
	};
	objectVersion = 50;
	objects = {

/* Begin PBXBuildFile section */
		502EA6F1258F71CB005D447C /* ItemRow.swift in Sources */ = {isa = PBXBuildFile; fileRef = 502EA6F0258F71CB005D447C /* ItemRow.swift */; };
		50DBC4AD258D6D3800279F89 /* Model.swift in Sources */ = {isa = PBXBuildFile; fileRef = 50DBC4AC258D6D3800279F89 /* Model.swift */; };
		50DBC4B0258D6D4F00279F89 /* Storage.swift in Sources */ = {isa = PBXBuildFile; fileRef = 50DBC4AF258D6D4F00279F89 /* Storage.swift */; };
		50EC5AB8258AC2EF00BEF978 /* Shopping_ListApp.swift in Sources */ = {isa = PBXBuildFile; fileRef = 50EC5AB7258AC2EF00BEF978 /* Shopping_ListApp.swift */; };
		50EC5ABA258AC2EF00BEF978 /* ContentView.swift in Sources */ = {isa = PBXBuildFile; fileRef = 50EC5AB9258AC2EF00BEF978 /* ContentView.swift */; };
		50EC5ABC258AC2F400BEF978 /* Assets.xcassets in Resources */ = {isa = PBXBuildFile; fileRef = 50EC5ABB258AC2F400BEF978 /* Assets.xcassets */; };
		50EC5ABF258AC2F400BEF978 /* Preview Assets.xcassets in Resources */ = {isa = PBXBuildFile; fileRef = 50EC5ABE258AC2F400BEF978 /* Preview Assets.xcassets */; };
/* End PBXBuildFile section */

/* Begin PBXFileReference section */
		502EA6F0258F71CB005D447C /* ItemRow.swift */ = {isa = PBXFileReference; lastKnownFileType = sourcecode.swift; path = ItemRow.swift; sourceTree = "<group>"; };
		50DBC4AC258D6D3800279F89 /* Model.swift */ = {isa = PBXFileReference; lastKnownFileType = sourcecode.swift; path = Model.swift; sourceTree = "<group>"; };
		50DBC4AF258D6D4F00279F89 /* Storage.swift */ = {isa = PBXFileReference; lastKnownFileType = sourcecode.swift; path = Storage.swift; sourceTree = "<group>"; };
		50EC5AB4258AC2EF00BEF978 /* Shopping List.app */ = {isa = PBXFileReference; explicitFileType = wrapper.application; includeInIndex = 0; path = "Shopping List.app"; sourceTree = BUILT_PRODUCTS_DIR; };
		50EC5AB7258AC2EF00BEF978 /* Shopping_ListApp.swift */ = {isa = PBXFileReference; lastKnownFileType = sourcecode.swift; path = Shopping_ListApp.swift; sourceTree = "<group>"; };
		50EC5AB9258AC2EF00BEF978 /* ContentView.swift */ = {isa = PBXFileReference; lastKnownFileType = sourcecode.swift; path = ContentView.swift; sourceTree = "<group>"; };
		50EC5ABB258AC2F400BEF978 /* Assets.xcassets */ = {isa = PBXFileReference; lastKnownFileType = folder.assetcatalog; path = Assets.xcassets; sourceTree = "<group>"; };
		50EC5ABE258AC2F400BEF978 /* Preview Assets.xcassets */ = {isa = PBXFileReference; lastKnownFileType = folder.assetcatalog; path = "Preview Assets.xcassets"; sourceTree = "<group>"; };
		50EC5AC0258AC2F400BEF978 /* Info.plist */ = {isa = PBXFileReference; lastKnownFileType = text.plist.xml; path = Info.plist; sourceTree = "<group>"; };
/* End PBXFileReference section */

/* Begin PBXFrameworksBuildPhase section */
		50EC5AB1258AC2EF00BEF978 /* Frameworks */ = {
			isa = PBXFrameworksBuildPhase;
			buildActionMask = 2147483647;
			files = (
			);
			runOnlyForDeploymentPostprocessing = 0;
		};
/* End PBXFrameworksBuildPhase section */

/* Begin PBXGroup section */
		502EA6F4258F71DB005D447C /* Views */ = {
			isa = PBXGroup;
			children = (
				50EC5AB9258AC2EF00BEF978 /* ContentView.swift */,
				502EA6F0258F71CB005D447C /* ItemRow.swift */,
			);
			path = Views;
			sourceTree = "<group>";
		};
		50DBC4B2258D6E4200279F89 /* Model and Storage */ = {
			isa = PBXGroup;
			children = (
				50DBC4AC258D6D3800279F89 /* Model.swift */,
				50DBC4AF258D6D4F00279F89 /* Storage.swift */,
			);
			path = "Model and Storage";
			sourceTree = "<group>";
		};
		50EC5AAB258AC2EF00BEF978 = {
			isa = PBXGroup;
			children = (
				50EC5AB6258AC2EF00BEF978 /* Shopping List */,
				50EC5AB5258AC2EF00BEF978 /* Products */,
			);
			sourceTree = "<group>";
		};
		50EC5AB5258AC2EF00BEF978 /* Products */ = {
			isa = PBXGroup;
			children = (
				50EC5AB4258AC2EF00BEF978 /* Shopping List.app */,
			);
			name = Products;
			sourceTree = "<group>";
		};
		50EC5AB6258AC2EF00BEF978 /* Shopping List */ = {
			isa = PBXGroup;
			children = (
				50EC5AB7258AC2EF00BEF978 /* Shopping_ListApp.swift */,
				50DBC4B2258D6E4200279F89 /* Model and Storage */,
				502EA6F4258F71DB005D447C /* Views */,
				50EC5ABB258AC2F400BEF978 /* Assets.xcassets */,
				50EC5AC0258AC2F400BEF978 /* Info.plist */,
				50EC5ABD258AC2F400BEF978 /* Preview Content */,
			);
			path = "Shopping List";
			sourceTree = "<group>";
		};
		50EC5ABD258AC2F400BEF978 /* Preview Content */ = {
			isa = PBXGroup;
			children = (
				50EC5ABE258AC2F400BEF978 /* Preview Assets.xcassets */,
			);
			path = "Preview Content";
			sourceTree = "<group>";
		};
/* End PBXGroup section */

/* Begin PBXNativeTarget section */
		50EC5AB3258AC2EF00BEF978 /* Shopping List */ = {
			isa = PBXNativeTarget;
			buildConfigurationList = 50EC5AC3258AC2F400BEF978 /* Build configuration list for PBXNativeTarget "Shopping List" */;
			buildPhases = (
				50EC5AB0258AC2EF00BEF978 /* Sources */,
				50EC5AB1258AC2EF00BEF978 /* Frameworks */,
				50EC5AB2258AC2EF00BEF978 /* Resources */,
			);
			buildRules = (
			);
			dependencies = (
			);
			name = "Shopping List";
			productName = "Shopping List";
			productReference = 50EC5AB4258AC2EF00BEF978 /* Shopping List.app */;
			productType = "com.apple.product-type.application";
		};
/* End PBXNativeTarget section */

/* Begin PBXProject section */
		50EC5AAC258AC2EF00BEF978 /* Project object */ = {
			isa = PBXProject;
			attributes = {
				LastSwiftUpdateCheck = 1220;
				LastUpgradeCheck = 1220;
				TargetAttributes = {
					50EC5AB3258AC2EF00BEF978 = {
						CreatedOnToolsVersion = 12.2;
					};
				};
			};
			buildConfigurationList = 50EC5AAF258AC2EF00BEF978 /* Build configuration list for PBXProject "Shopping List" */;
			compatibilityVersion = "Xcode 9.3";
			developmentRegion = en;
			hasScannedForEncodings = 0;
			knownRegions = (
				en,
				Base,
			);
			mainGroup = 50EC5AAB258AC2EF00BEF978;
			productRefGroup = 50EC5AB5258AC2EF00BEF978 /* Products */;
			projectDirPath = "";
			projectRoot = "";
			targets = (
				50EC5AB3258AC2EF00BEF978 /* Shopping List */,
			);
		};
/* End PBXProject section */

/* Begin PBXResourcesBuildPhase section */
		50EC5AB2258AC2EF00BEF978 /* Resources */ = {
			isa = PBXResourcesBuildPhase;
			buildActionMask = 2147483647;
			files = (
				50EC5ABF258AC2F400BEF978 /* Preview Assets.xcassets in Resources */,
				50EC5ABC258AC2F400BEF978 /* Assets.xcassets in Resources */,
			);
			runOnlyForDeploymentPostprocessing = 0;
		};
/* End PBXResourcesBuildPhase section */

/* Begin PBXSourcesBuildPhase section */
		50EC5AB0258AC2EF00BEF978 /* Sources */ = {
			isa = PBXSourcesBuildPhase;
			buildActionMask = 2147483647;
			files = (
				50DBC4AD258D6D3800279F89 /* Model.swift in Sources */,
				50DBC4B0258D6D4F00279F89 /* Storage.swift in Sources */,
				502EA6F1258F71CB005D447C /* ItemRow.swift in Sources */,
				50EC5ABA258AC2EF00BEF978 /* ContentView.swift in Sources */,
				50EC5AB8258AC2EF00BEF978 /* Shopping_ListApp.swift in Sources */,
			);
			runOnlyForDeploymentPostprocessing = 0;
		};
/* End PBXSourcesBuildPhase section */

/* Begin XCBuildConfiguration section */
		50EC5AC1258AC2F400BEF978 /* Debug */ = {
			isa = XCBuildConfiguration;
			buildSettings = {
				ALWAYS_SEARCH_USER_PATHS = NO;
				CLANG_ANALYZER_NONNULL = YES;
				CLANG_ANALYZER_NUMBER_OBJECT_CONVERSION = YES_AGGRESSIVE;
				CLANG_CXX_LANGUAGE_STANDARD = "gnu++14";
				CLANG_CXX_LIBRARY = "libc++";
				CLANG_ENABLE_MODULES = YES;
				CLANG_ENABLE_OBJC_ARC = YES;
				CLANG_ENABLE_OBJC_WEAK = YES;
				CLANG_WARN_BLOCK_CAPTURE_AUTORELEASING = YES;
				CLANG_WARN_BOOL_CONVERSION = YES;
				CLANG_WARN_COMMA = YES;
				CLANG_WARN_CONSTANT_CONVERSION = YES;
				CLANG_WARN_DEPRECATED_OBJC_IMPLEMENTATIONS = YES;
				CLANG_WARN_DIRECT_OBJC_ISA_USAGE = YES_ERROR;
				CLANG_WARN_DOCUMENTATION_COMMENTS = YES;
				CLANG_WARN_EMPTY_BODY = YES;
				CLANG_WARN_ENUM_CONVERSION = YES;
				CLANG_WARN_INFINITE_RECURSION = YES;
				CLANG_WARN_INT_CONVERSION = YES;
				CLANG_WARN_NON_LITERAL_NULL_CONVERSION = YES;
				CLANG_WARN_OBJC_IMPLICIT_RETAIN_SELF = YES;
				CLANG_WARN_OBJC_LITERAL_CONVERSION = YES;
				CLANG_WARN_OBJC_ROOT_CLASS = YES_ERROR;
				CLANG_WARN_QUOTED_INCLUDE_IN_FRAMEWORK_HEADER = YES;
				CLANG_WARN_RANGE_LOOP_ANALYSIS = YES;
				CLANG_WARN_STRICT_PROTOTYPES = YES;
				CLANG_WARN_SUSPICIOUS_MOVE = YES;
				CLANG_WARN_UNGUARDED_AVAILABILITY = YES_AGGRESSIVE;
				CLANG_WARN_UNREACHABLE_CODE = YES;
				CLANG_WARN__DUPLICATE_METHOD_MATCH = YES;
				COPY_PHASE_STRIP = NO;
				DEBUG_INFORMATION_FORMAT = dwarf;
				ENABLE_STRICT_OBJC_MSGSEND = YES;
				ENABLE_TESTABILITY = YES;
				GCC_C_LANGUAGE_STANDARD = gnu11;
				GCC_DYNAMIC_NO_PIC = NO;
				GCC_NO_COMMON_BLOCKS = YES;
				GCC_OPTIMIZATION_LEVEL = 0;
				GCC_PREPROCESSOR_DEFINITIONS = (
					"DEBUG=1",
					"$(inherited)",
				);
				GCC_WARN_64_TO_32_BIT_CONVERSION = YES;
				GCC_WARN_ABOUT_RETURN_TYPE = YES_ERROR;
				GCC_WARN_UNDECLARED_SELECTOR = YES;
				GCC_WARN_UNINITIALIZED_AUTOS = YES_AGGRESSIVE;
				GCC_WARN_UNUSED_FUNCTION = YES;
				GCC_WARN_UNUSED_VARIABLE = YES;
				IPHONEOS_DEPLOYMENT_TARGET = 14.2;
				MTL_ENABLE_DEBUG_INFO = INCLUDE_SOURCE;
				MTL_FAST_MATH = YES;
				ONLY_ACTIVE_ARCH = YES;
				SDKROOT = iphoneos;
				SWIFT_ACTIVE_COMPILATION_CONDITIONS = DEBUG;
				SWIFT_OPTIMIZATION_LEVEL = "-Onone";
			};
			name = Debug;
		};
		50EC5AC2258AC2F400BEF978 /* Release */ = {
			isa = XCBuildConfiguration;
			buildSettings = {
				ALWAYS_SEARCH_USER_PATHS = NO;
				CLANG_ANALYZER_NONNULL = YES;
				CLANG_ANALYZER_NUMBER_OBJECT_CONVERSION = YES_AGGRESSIVE;
				CLANG_CXX_LANGUAGE_STANDARD = "gnu++14";
				CLANG_CXX_LIBRARY = "libc++";
				CLANG_ENABLE_MODULES = YES;
				CLANG_ENABLE_OBJC_ARC = YES;
				CLANG_ENABLE_OBJC_WEAK = YES;
				CLANG_WARN_BLOCK_CAPTURE_AUTORELEASING = YES;
				CLANG_WARN_BOOL_CONVERSION = YES;
				CLANG_WARN_COMMA = YES;
				CLANG_WARN_CONSTANT_CONVERSION = YES;
				CLANG_WARN_DEPRECATED_OBJC_IMPLEMENTATIONS = YES;
				CLANG_WARN_DIRECT_OBJC_ISA_USAGE = YES_ERROR;
				CLANG_WARN_DOCUMENTATION_COMMENTS = YES;
				CLANG_WARN_EMPTY_BODY = YES;
				CLANG_WARN_ENUM_CONVERSION = YES;
				CLANG_WARN_INFINITE_RECURSION = YES;
				CLANG_WARN_INT_CONVERSION = YES;
				CLANG_WARN_NON_LITERAL_NULL_CONVERSION = YES;
				CLANG_WARN_OBJC_IMPLICIT_RETAIN_SELF = YES;
				CLANG_WARN_OBJC_LITERAL_CONVERSION = YES;
				CLANG_WARN_OBJC_ROOT_CLASS = YES_ERROR;
				CLANG_WARN_QUOTED_INCLUDE_IN_FRAMEWORK_HEADER = YES;
				CLANG_WARN_RANGE_LOOP_ANALYSIS = YES;
				CLANG_WARN_STRICT_PROTOTYPES = YES;
				CLANG_WARN_SUSPICIOUS_MOVE = YES;
				CLANG_WARN_UNGUARDED_AVAILABILITY = YES_AGGRESSIVE;
				CLANG_WARN_UNREACHABLE_CODE = YES;
				CLANG_WARN__DUPLICATE_METHOD_MATCH = YES;
				COPY_PHASE_STRIP = NO;
				DEBUG_INFORMATION_FORMAT = "dwarf-with-dsym";
				ENABLE_NS_ASSERTIONS = NO;
				ENABLE_STRICT_OBJC_MSGSEND = YES;
				GCC_C_LANGUAGE_STANDARD = gnu11;
				GCC_NO_COMMON_BLOCKS = YES;
				GCC_WARN_64_TO_32_BIT_CONVERSION = YES;
				GCC_WARN_ABOUT_RETURN_TYPE = YES_ERROR;
				GCC_WARN_UNDECLARED_SELECTOR = YES;
				GCC_WARN_UNINITIALIZED_AUTOS = YES_AGGRESSIVE;
				GCC_WARN_UNUSED_FUNCTION = YES;
				GCC_WARN_UNUSED_VARIABLE = YES;
				IPHONEOS_DEPLOYMENT_TARGET = 14.2;
				MTL_ENABLE_DEBUG_INFO = NO;
				MTL_FAST_MATH = YES;
				SDKROOT = iphoneos;
				SWIFT_COMPILATION_MODE = wholemodule;
				SWIFT_OPTIMIZATION_LEVEL = "-O";
				VALIDATE_PRODUCT = YES;
			};
			name = Release;
		};
		50EC5AC4258AC2F400BEF978 /* Debug */ = {
			isa = XCBuildConfiguration;
			buildSettings = {
				ASSETCATALOG_COMPILER_APPICON_NAME = AppIcon;
				ASSETCATALOG_COMPILER_GLOBAL_ACCENT_COLOR_NAME = AccentColor;
				CODE_SIGN_STYLE = Automatic;
				DEVELOPMENT_ASSET_PATHS = "\"Shopping List/Preview Content\"";
				DEVELOPMENT_TEAM = S4VTW7X9U3;
				ENABLE_PREVIEWS = YES;
				INFOPLIST_FILE = "Shopping List/Info.plist";
				IPHONEOS_DEPLOYMENT_TARGET = 14.0;
				LD_RUNPATH_SEARCH_PATHS = (
					"$(inherited)",
					"@executable_path/Frameworks",
				);
				PRODUCT_BUNDLE_IDENTIFIER = "com.NikitinEgor.Shopping-List";
				PRODUCT_NAME = "$(TARGET_NAME)";
				SWIFT_VERSION = 5.0;
				TARGETED_DEVICE_FAMILY = 1;
			};
			name = Debug;
		};
		50EC5AC5258AC2F400BEF978 /* Release */ = {
			isa = XCBuildConfiguration;
			buildSettings = {
				ASSETCATALOG_COMPILER_APPICON_NAME = AppIcon;
				ASSETCATALOG_COMPILER_GLOBAL_ACCENT_COLOR_NAME = AccentColor;
				CODE_SIGN_STYLE = Automatic;
				DEVELOPMENT_ASSET_PATHS = "\"Shopping List/Preview Content\"";
				DEVELOPMENT_TEAM = S4VTW7X9U3;
				ENABLE_PREVIEWS = YES;
				INFOPLIST_FILE = "Shopping List/Info.plist";
				IPHONEOS_DEPLOYMENT_TARGET = 14.0;
				LD_RUNPATH_SEARCH_PATHS = (
					"$(inherited)",
					"@executable_path/Frameworks",
				);
				PRODUCT_BUNDLE_IDENTIFIER = "com.NikitinEgor.Shopping-List";
				PRODUCT_NAME = "$(TARGET_NAME)";
				SWIFT_VERSION = 5.0;
				TARGETED_DEVICE_FAMILY = 1;
			};
			name = Release;
		};
/* End XCBuildConfiguration section */

/* Begin XCConfigurationList section */
		50EC5AAF258AC2EF00BEF978 /* Build configuration list for PBXProject "Shopping List" */ = {
			isa = XCConfigurationList;
			buildConfigurations = (
				50EC5AC1258AC2F400BEF978 /* Debug */,
				50EC5AC2258AC2F400BEF978 /* Release */,
			);
			defaultConfigurationIsVisible = 0;
			defaultConfigurationName = Release;
		};
		50EC5AC3258AC2F400BEF978 /* Build configuration list for PBXNativeTarget "Shopping List" */ = {
			isa = XCConfigurationList;
			buildConfigurations = (
				50EC5AC4258AC2F400BEF978 /* Debug */,
				50EC5AC5258AC2F400BEF978 /* Release */,
			);
			defaultConfigurationIsVisible = 0;
			defaultConfigurationName = Release;
		};
/* End XCConfigurationList section */
	};
	rootObject = 50EC5AAC258AC2EF00BEF978 /* Project object */;
}
